// !$*UTF8*$!
{
	archiveVersion = 1;
	classes = {
	};
	objectVersion = 46;
	objects = {

/* Begin PBXBuildFile section */
		E467AC4A1A522AF70020323D /* main.m in Sources */ = {isa = PBXBuildFile; fileRef = E467AC491A522AF70020323D /* main.m */; };
		E467AC4D1A522AF70020323D /* AppDelegate.m in Sources */ = {isa = PBXBuildFile; fileRef = E467AC4C1A522AF70020323D /* AppDelegate.m */; };
		E467AC501A522AF70020323D /* ViewController.m in Sources */ = {isa = PBXBuildFile; fileRef = E467AC4F1A522AF70020323D /* ViewController.m */; };
		E467AC531A522AF70020323D /* Main.storyboard in Resources */ = {isa = PBXBuildFile; fileRef = E467AC511A522AF70020323D /* Main.storyboard */; };
		E467AC551A522AF70020323D /* Images.xcassets in Resources */ = {isa = PBXBuildFile; fileRef = E467AC541A522AF70020323D /* Images.xcassets */; };
		E467AC581A522AF70020323D /* LaunchScreen.xib in Resources */ = {isa = PBXBuildFile; fileRef = E467AC561A522AF70020323D /* LaunchScreen.xib */; };
		E467AC641A522AF70020323D /* UI002Tests.m in Sources */ = {isa = PBXBuildFile; fileRef = E467AC631A522AF70020323D /* UI002Tests.m */; };
/* End PBXBuildFile section */

/* Begin PBXContainerItemProxy section */
		E467AC5E1A522AF70020323D /* PBXContainerItemProxy */ = {
			isa = PBXContainerItemProxy;
			containerPortal = E467AC3C1A522AF70020323D /* Project object */;
			proxyType = 1;
			remoteGlobalIDString = E467AC431A522AF70020323D;
			remoteInfo = UI002;
		};
/* End PBXContainerItemProxy section */

/* Begin PBXFileReference section */
		E467AC441A522AF70020323D /* UI002.app */ = {isa = PBXFileReference; explicitFileType = wrapper.application; includeInIndex = 0; path = UI002.app; sourceTree = BUILT_PRODUCTS_DIR; };
		E467AC481A522AF70020323D /* Info.plist */ = {isa = PBXFileReference; lastKnownFileType = text.plist.xml; path = Info.plist; sourceTree = "<group>"; };
		E467AC491A522AF70020323D /* main.m */ = {isa = PBXFileReference; lastKnownFileType = sourcecode.c.objc; path = main.m; sourceTree = "<group>"; };
		E467AC4B1A522AF70020323D /* AppDelegate.h */ = {isa = PBXFileReference; lastKnownFileType = sourcecode.c.h; path = AppDelegate.h; sourceTree = "<group>"; };
		E467AC4C1A522AF70020323D /* AppDelegate.m */ = {isa = PBXFileReference; lastKnownFileType = sourcecode.c.objc; path = AppDelegate.m; sourceTree = "<group>"; };
		E467AC4E1A522AF70020323D /* ViewController.h */ = {isa = PBXFileReference; lastKnownFileType = sourcecode.c.h; path = ViewController.h; sourceTree = "<group>"; };
		E467AC4F1A522AF70020323D /* ViewController.m */ = {isa = PBXFileReference; lastKnownFileType = sourcecode.c.objc; path = ViewController.m; sourceTree = "<group>"; };
		E467AC521A522AF70020323D /* Base */ = {isa = PBXFileReference; lastKnownFileType = file.storyboard; name = Base; path = Base.lproj/Main.storyboard; sourceTree = "<group>"; };
		E467AC541A522AF70020323D /* Images.xcassets */ = {isa = PBXFileReference; lastKnownFileType = folder.assetcatalog; path = Images.xcassets; sourceTree = "<group>"; };
		E467AC571A522AF70020323D /* Base */ = {isa = PBXFileReference; lastKnownFileType = file.xib; name = Base; path = Base.lproj/LaunchScreen.xib; sourceTree = "<group>"; };
		E467AC5D1A522AF70020323D /* UI002Tests.xctest */ = {isa = PBXFileReference; explicitFileType = wrapper.cfbundle; includeInIndex = 0; path = UI002Tests.xctest; sourceTree = BUILT_PRODUCTS_DIR; };
		E467AC621A522AF70020323D /* Info.plist */ = {isa = PBXFileReference; lastKnownFileType = text.plist.xml; path = Info.plist; sourceTree = "<group>"; };
		E467AC631A522AF70020323D /* UI002Tests.m */ = {isa = PBXFileReference; lastKnownFileType = sourcecode.c.objc; path = UI002Tests.m; sourceTree = "<group>"; };
/* End PBXFileReference section */

/* Begin PBXFrameworksBuildPhase section */
		E467AC411A522AF70020323D /* Frameworks */ = {
			isa = PBXFrameworksBuildPhase;
			buildActionMask = 2147483647;
			files = (
			);
			runOnlyForDeploymentPostprocessing = 0;
		};
		E467AC5A1A522AF70020323D /* Frameworks */ = {
			isa = PBXFrameworksBuildPhase;
			buildActionMask = 2147483647;
			files = (
			);
			runOnlyForDeploymentPostprocessing = 0;
		};
/* End PBXFrameworksBuildPhase section */

/* Begin PBXGroup section */
		E467AC3B1A522AF70020323D = {
			isa = PBXGroup;
			children = (
				E467AC461A522AF70020323D /* UI002 */,
				E467AC601A522AF70020323D /* UI002Tests */,
				E467AC451A522AF70020323D /* Products */,
			);
			sourceTree = "<group>";
		};
		E467AC451A522AF70020323D /* Products */ = {
			isa = PBXGroup;
			children = (
				E467AC441A522AF70020323D /* UI002.app */,
				E467AC5D1A522AF70020323D /* UI002Tests.xctest */,
			);
			name = Products;
			sourceTree = "<group>";
		};
		E467AC461A522AF70020323D /* UI002 */ = {
			isa = PBXGroup;
			children = (
				E467AC4B1A522AF70020323D /* AppDelegate.h */,
				E467AC4C1A522AF70020323D /* AppDelegate.m */,
				E467AC4E1A522AF70020323D /* ViewController.h */,
				E467AC4F1A522AF70020323D /* ViewController.m */,
				E467AC511A522AF70020323D /* Main.storyboard */,
				E467AC541A522AF70020323D /* Images.xcassets */,
				E467AC561A522AF70020323D /* LaunchScreen.xib */,
				E467AC471A522AF70020323D /* Supporting Files */,
			);
			path = UI002;
			sourceTree = "<group>";
		};
		E467AC471A522AF70020323D /* Supporting Files */ = {
			isa = PBXGroup;
			children = (
				E467AC481A522AF70020323D /* Info.plist */,
				E467AC491A522AF70020323D /* main.m */,
			);
			name = "Supporting Files";
			sourceTree = "<group>";
		};
		E467AC601A522AF70020323D /* UI002Tests */ = {
			isa = PBXGroup;
			children = (
				E467AC631A522AF70020323D /* UI002Tests.m */,
				E467AC611A522AF70020323D /* Supporting Files */,
			);
			path = UI002Tests;
			sourceTree = "<group>";
		};
		E467AC611A522AF70020323D /* Supporting Files */ = {
			isa = PBXGroup;
			children = (
				E467AC621A522AF70020323D /* Info.plist */,
			);
			name = "Supporting Files";
			sourceTree = "<group>";
		};
/* End PBXGroup section */

/* Begin PBXNativeTarget section */
		E467AC431A522AF70020323D /* UI002 */ = {
			isa = PBXNativeTarget;
			buildConfigurationList = E467AC671A522AF70020323D /* Build configuration list for PBXNativeTarget "UI002" */;
			buildPhases = (
				E467AC401A522AF70020323D /* Sources */,
				E467AC411A522AF70020323D /* Frameworks */,
				E467AC421A522AF70020323D /* Resources */,
			);
			buildRules = (
			);
			dependencies = (
			);
			name = UI002;
			productName = UI002;
			productReference = E467AC441A522AF70020323D /* UI002.app */;
			productType = "com.apple.product-type.application";
		};
		E467AC5C1A522AF70020323D /* UI002Tests */ = {
			isa = PBXNativeTarget;
			buildConfigurationList = E467AC6A1A522AF70020323D /* Build configuration list for PBXNativeTarget "UI002Tests" */;
			buildPhases = (
				E467AC591A522AF70020323D /* Sources */,
				E467AC5A1A522AF70020323D /* Frameworks */,
				E467AC5B1A522AF70020323D /* Resources */,
			);
			buildRules = (
			);
			dependencies = (
				E467AC5F1A522AF70020323D /* PBXTargetDependency */,
			);
			name = UI002Tests;
			productName = UI002Tests;
			productReference = E467AC5D1A522AF70020323D /* UI002Tests.xctest */;
			productType = "com.apple.product-type.bundle.unit-test";
		};
/* End PBXNativeTarget section */

/* Begin PBXProject section */
		E467AC3C1A522AF70020323D /* Project object */ = {
			isa = PBXProject;
			attributes = {
				LastUpgradeCheck = 0610;
				ORGANIZATIONNAME = song;
				TargetAttributes = {
					E467AC431A522AF70020323D = {
						CreatedOnToolsVersion = 6.1;
					};
					E467AC5C1A522AF70020323D = {
						CreatedOnToolsVersion = 6.1;
						TestTargetID = E467AC431A522AF70020323D;
					};
				};
			};
			buildConfigurationList = E467AC3F1A522AF70020323D /* Build configuration list for PBXProject "UI002" */;
			compatibilityVersion = "Xcode 3.2";
			developmentRegion = English;
			hasScannedForEncodings = 0;
			knownRegions = (
				en,
				Base,
			);
			mainGroup = E467AC3B1A522AF70020323D;
			productRefGroup = E467AC451A522AF70020323D /* Products */;
			projectDirPath = "";
			projectRoot = "";
			targets = (
				E467AC431A522AF70020323D /* UI002 */,
				E467AC5C1A522AF70020323D /* UI002Tests */,
			);
		};
/* End PBXProject section */

/* Begin PBXResourcesBuildPhase section */
		E467AC421A522AF70020323D /* Resources */ = {
			isa = PBXResourcesBuildPhase;
			buildActionMask = 2147483647;
			files = (
				E467AC531A522AF70020323D /* Main.storyboard in Resources */,
				E467AC581A522AF70020323D /* LaunchScreen.xib in Resources */,
				E467AC551A522AF70020323D /* Images.xcassets in Resources */,
			);
			runOnlyForDeploymentPostprocessing = 0;
		};
		E467AC5B1A522AF70020323D /* Resources */ = {
			isa = PBXResourcesBuildPhase;
			buildActionMask = 2147483647;
			files = (
			);
			runOnlyForDeploymentPostprocessing = 0;
		};
/* End PBXResourcesBuildPhase section */

/* Begin PBXSourcesBuildPhase section */
		E467AC401A522AF70020323D /* Sources */ = {
			isa = PBXSourcesBuildPhase;
			buildActionMask = 2147483647;
			files = (
				E467AC501A522AF70020323D /* ViewController.m in Sources */,
				E467AC4D1A522AF70020323D /* AppDelegate.m in Sources */,
				E467AC4A1A522AF70020323D /* main.m in Sources */,
			);
			runOnlyForDeploymentPostprocessing = 0;
		};
		E467AC591A522AF70020323D /* Sources */ = {
			isa = PBXSourcesBuildPhase;
			buildActionMask = 2147483647;
			files = (
				E467AC641A522AF70020323D /* UI002Tests.m in Sources */,
			);
			runOnlyForDeploymentPostprocessing = 0;
		};
/* End PBXSourcesBuildPhase section */

/* Begin PBXTargetDependency section */
		E467AC5F1A522AF70020323D /* PBXTargetDependency */ = {
			isa = PBXTargetDependency;
			target = E467AC431A522AF70020323D /* UI002 */;
			targetProxy = E467AC5E1A522AF70020323D /* PBXContainerItemProxy */;
		};
/* End PBXTargetDependency section */

/* Begin PBXVariantGroup section */
		E467AC511A522AF70020323D /* Main.storyboard */ = {
			isa = PBXVariantGroup;
			children = (
				E467AC521A522AF70020323D /* Base */,
			);
			name = Main.storyboard;
			sourceTree = "<group>";
		};
		E467AC561A522AF70020323D /* LaunchScreen.xib */ = {
			isa = PBXVariantGroup;
			children = (
				E467AC571A522AF70020323D /* Base */,
			);
			name = LaunchScreen.xib;
			sourceTree = "<group>";
		};
/* End PBXVariantGroup section */

/* Begin XCBuildConfiguration section */
		E467AC651A522AF70020323D /* Debug */ = {
			isa = XCBuildConfiguration;
			buildSettings = {
				ALWAYS_SEARCH_USER_PATHS = NO;
				CLANG_CXX_LANGUAGE_STANDARD = "gnu++0x";
				CLANG_CXX_LIBRARY = "libc++";
				CLANG_ENABLE_MODULES = YES;
				CLANG_ENABLE_OBJC_ARC = YES;
				CLANG_WARN_BOOL_CONVERSION = YES;
				CLANG_WARN_CONSTANT_CONVERSION = YES;
				CLANG_WARN_DIRECT_OBJC_ISA_USAGE = YES_ERROR;
				CLANG_WARN_EMPTY_BODY = YES;
				CLANG_WARN_ENUM_CONVERSION = YES;
				CLANG_WARN_INT_CONVERSION = YES;
				CLANG_WARN_OBJC_ROOT_CLASS = YES_ERROR;
				CLANG_WARN_UNREACHABLE_CODE = YES;
				CLANG_WARN__DUPLICATE_METHOD_MATCH = YES;
				"CODE_SIGN_IDENTITY[sdk=iphoneos*]" = "iPhone Developer";
				COPY_PHASE_STRIP = NO;
				ENABLE_STRICT_OBJC_MSGSEND = YES;
				GCC_C_LANGUAGE_STANDARD = gnu99;
				GCC_DYNAMIC_NO_PIC = NO;
				GCC_OPTIMIZATION_LEVEL = 0;
				GCC_PREPROCESSOR_DEFINITIONS = (
					"DEBUG=1",
					"$(inherited)",
				);
				GCC_SYMBOLS_PRIVATE_EXTERN = NO;
				GCC_WARN_64_TO_32_BIT_CONVERSION = YES;
				GCC_WARN_ABOUT_RETURN_TYPE = YES_ERROR;
				GCC_WARN_UNDECLARED_SELECTOR = YES;
				GCC_WARN_UNINITIALIZED_AUTOS = YES_AGGRESSIVE;
				GCC_WARN_UNUSED_FUNCTION = YES;
				GCC_WARN_UNUSED_VARIABLE = YES;
				IPHONEOS_DEPLOYMENT_TARGET = 8.1;
				MTL_ENABLE_DEBUG_INFO = YES;
				ONLY_ACTIVE_ARCH = YES;
				SDKROOT = iphoneos;
				TARGETED_DEVICE_FAMILY = "1,2";
			};
			name = Debug;
		};
		E467AC661A522AF70020323D /* Release */ = {
			isa = XCBuildConfiguration;
			buildSettings = {
				ALWAYS_SEARCH_USER_PATHS = NO;
				CLANG_CXX_LANGUAGE_STANDARD = "gnu++0x";
				CLANG_CXX_LIBRARY = "libc++";
				CLANG_ENABLE_MODULES = YES;
				CLANG_ENABLE_OBJC_ARC = YES;
				CLANG_WARN_BOOL_CONVERSION = YES;
				CLANG_WARN_CONSTANT_CONVERSION = YES;
				CLANG_WARN_DIRECT_OBJC_ISA_USAGE = YES_ERROR;
				CLANG_WARN_EMPTY_BODY = YES;
				CLANG_WARN_ENUM_CONVERSION = YES;
				CLANG_WARN_INT_CONVERSION = YES;
				CLANG_WARN_OBJC_ROOT_CLASS = YES_ERROR;
				CLANG_WARN_UNREACHABLE_CODE = YES;
				CLANG_WARN__DUPLICATE_METHOD_MATCH = YES;
				"CODE_SIGN_IDENTITY[sdk=iphoneos*]" = "iPhone Developer";
				COPY_PHASE_STRIP = YES;
				ENABLE_NS_ASSERTIONS = NO;
				ENABLE_STRICT_OBJC_MSGSEND = YES;
				GCC_C_LANGUAGE_STANDARD = gnu99;
				GCC_WARN_64_TO_32_BIT_CONVERSION = YES;
				GCC_WARN_ABOUT_RETURN_TYPE = YES_ERROR;
				GCC_WARN_UNDECLARED_SELECTOR = YES;
				GCC_WARN_UNINITIALIZED_AUTOS = YES_AGGRESSIVE;
				GCC_WARN_UNUSED_FUNCTION = YES;
				GCC_WARN_UNUSED_VARIABLE = YES;
				IPHONEOS_DEPLOYMENT_TARGET = 8.1;
				MTL_ENABLE_DEBUG_INFO = NO;
				SDKROOT = iphoneos;
				TARGETED_DEVICE_FAMILY = "1,2";
				VALIDATE_PRODUCT = YES;
			};
			name = Release;
		};
		E467AC681A522AF70020323D /* Debug */ = {
			isa = XCBuildConfiguration;
			buildSettings = {
				ASSETCATALOG_COMPILER_APPICON_NAME = AppIcon;
				INFOPLIST_FILE = UI002/Info.plist;
				LD_RUNPATH_SEARCH_PATHS = "$(inherited) @executable_path/Frameworks";
				PRODUCT_NAME = "$(TARGET_NAME)";
			};
			name = Debug;
		};
		E467AC691A522AF70020323D /* Release */ = {
			isa = XCBuildConfiguration;
			buildSettings = {
				ASSETCATALOG_COMPILER_APPICON_NAME = AppIcon;
				INFOPLIST_FILE = UI002/Info.plist;
				LD_RUNPATH_SEARCH_PATHS = "$(inherited) @executable_path/Frameworks";
				PRODUCT_NAME = "$(TARGET_NAME)";
			};
			name = Release;
		};
		E467AC6B1A522AF70020323D /* Debug */ = {
			isa = XCBuildConfiguration;
			buildSettings = {
				BUNDLE_LOADER = "$(TEST_HOST)";
				FRAMEWORK_SEARCH_PATHS = (
					"$(SDKROOT)/Developer/Library/Frameworks",
					"$(inherited)",
				);
				GCC_PREPROCESSOR_DEFINITIONS = (
					"DEBUG=1",
					"$(inherited)",
				);
				INFOPLIST_FILE = UI002Tests/Info.plist;
				LD_RUNPATH_SEARCH_PATHS = "$(inherited) @executable_path/Frameworks @loader_path/Frameworks";
				PRODUCT_NAME = "$(TARGET_NAME)";
				TEST_HOST = "$(BUILT_PRODUCTS_DIR)/UI002.app/UI002";
			};
			name = Debug;
		};
		E467AC6C1A522AF70020323D /* Release */ = {
			isa = XCBuildConfiguration;
			buildSettings = {
				BUNDLE_LOADER = "$(TEST_HOST)";
				FRAMEWORK_SEARCH_PATHS = (
					"$(SDKROOT)/Developer/Library/Frameworks",
					"$(inherited)",
				);
				INFOPLIST_FILE = UI002Tests/Info.plist;
				LD_RUNPATH_SEARCH_PATHS = "$(inherited) @executable_path/Frameworks @loader_path/Frameworks";
				PRODUCT_NAME = "$(TARGET_NAME)";
				TEST_HOST = "$(BUILT_PRODUCTS_DIR)/UI002.app/UI002";
			};
			name = Release;
		};
/* End XCBuildConfiguration section */

/* Begin XCConfigurationList section */
		E467AC3F1A522AF70020323D /* Build configuration list for PBXProject "UI002" */ = {
			isa = XCConfigurationList;
			buildConfigurations = (
				E467AC651A522AF70020323D /* Debug */,
				E467AC661A522AF70020323D /* Release */,
			);
			defaultConfigurationIsVisible = 0;
			defaultConfigurationName = Release;
		};
		E467AC671A522AF70020323D /* Build configuration list for PBXNativeTarget "UI002" */ = {
			isa = XCConfigurationList;
			buildConfigurations = (
				E467AC681A522AF70020323D /* Debug */,
				E467AC691A522AF70020323D /* Release */,
			);
			defaultConfigurationIsVisible = 0;
		};
		E467AC6A1A522AF70020323D /* Build configuration list for PBXNativeTarget "UI002Tests" */ = {
			isa = XCConfigurationList;
			buildConfigurations = (
				E467AC6B1A522AF70020323D /* Debug */,
				E467AC6C1A522AF70020323D /* Release */,
			);
			defaultConfigurationIsVisible = 0;
		};
/* End XCConfigurationList section */
	};
	rootObject = E467AC3C1A522AF70020323D /* Project object */;
}
